
Microsoft Visual Studio Solution File, Format Version 12.00
# Visual Studio Version 16
VisualStudioVersion = 16.0.31129.286
MinimumVisualStudioVersion = 10.0.40219.1
Project("{FAE04EC0-301F-11D3-BF4B-00C04F79EFBC}") = "DotNetSampleWorkerService", "DotNetSampleWorkerService\DotNetSampleWorkerService.csproj", "{813D861C-57B6-405F-B95B-AE38D1045567}"
EndProject
Global
	GlobalSection(SolutionConfigurationPlatforms) = preSolution
		Debug|Any CPU = Debug|Any CPU
		Release|Any CPU = Release|Any CPU
	EndGlobalSection
	GlobalSection(ProjectConfigurationPlatforms) = postSolution
		{813D861C-57B6-405F-B95B-AE38D1045567}.Debug|Any CPU.ActiveCfg = Debug|Any CPU
		{813D861C-57B6-405F-B95B-AE38D1045567}.Debug|Any CPU.Build.0 = Debug|Any CPU
		{813D861C-57B6-405F-B95B-AE38D1045567}.Release|Any CPU.ActiveCfg = Release|Any CPU
		{813D861C-57B6-405F-B95B-AE38D1045567}.Release|Any CPU.Build.0 = Release|Any CPU
	EndGlobalSection
	GlobalSection(SolutionProperties) = preSolution
		HideSolutionNode = FALSE
	EndGlobalSection
	GlobalSection(ExtensibilityGlobals) = postSolution
		SolutionGuid = {B6AF1765-D607-4FDC-AC42-C6CEAE61081D}
	EndGlobalSection
EndGlobal
